
Microsoft Visual Studio Solution File, Format Version 12.00
# Visual Studio Version 17
VisualStudioVersion = 17.8.34316.72
MinimumVisualStudioVersion = 10.0.40219.1
Project("{FAE04EC0-301F-11D3-BF4B-00C04F79EFBC}") = "key-vault-console-app", "key-vault-console-app\key-vault-console-app.csproj", "{DD3E92FA-32E5-453F-BA91-0D1BCFFF89EC}"
EndProject
Global
	GlobalSection(SolutionConfigurationPlatforms) = preSolution
		Debug|Any CPU = Debug|Any CPU
		Release|Any CPU = Release|Any CPU
	EndGlobalSection
	GlobalSection(ProjectConfigurationPlatforms) = postSolution
		{DD3E92FA-32E5-453F-BA91-0D1BCFFF89EC}.Debug|Any CPU.ActiveCfg = Debug|Any CPU
		{DD3E92FA-32E5-453F-BA91-0D1BCFFF89EC}.Debug|Any CPU.Build.0 = Debug|Any CPU
		{DD3E92FA-32E5-453F-BA91-0D1BCFFF89EC}.Release|Any CPU.ActiveCfg = Release|Any CPU
		{DD3E92FA-32E5-453F-BA91-0D1BCFFF89EC}.Release|Any CPU.Build.0 = Release|Any CPU
	EndGlobalSection
	GlobalSection(SolutionProperties) = preSolution
		HideSolutionNode = FALSE
	EndGlobalSection
	GlobalSection(ExtensibilityGlobals) = postSolution
		SolutionGuid = {5D63C117-C156-43DE-BF9B-C204C0BE0A5D}
	EndGlobalSection
EndGlobal
